
Microsoft Visual Studio Solution File, Format Version 12.00
# Visual Studio Version 17
VisualStudioVersion = 17.10.35027.167
MinimumVisualStudioVersion = 10.0.40219.1
Project("{FAE04EC0-301F-11D3-BF4B-00C04F79EFBC}") = "Калькулятор ттк FGM(28.01.25)", "Калькулятор ттк FGM(28.01.25)\Калькулятор ттк FGM(28.01.25).csproj", "{D45AD6B9-06C0-4437-83B6-4A050672EAE7}"
EndProject
Global
	GlobalSection(SolutionConfigurationPlatforms) = preSolution
		Debug|Any CPU = Debug|Any CPU
		Release|Any CPU = Release|Any CPU
	EndGlobalSection
	GlobalSection(ProjectConfigurationPlatforms) = postSolution
		{D45AD6B9-06C0-4437-83B6-4A050672EAE7}.Debug|Any CPU.ActiveCfg = Debug|Any CPU
		{D45AD6B9-06C0-4437-83B6-4A050672EAE7}.Debug|Any CPU.Build.0 = Debug|Any CPU
		{D45AD6B9-06C0-4437-83B6-4A050672EAE7}.Release|Any CPU.ActiveCfg = Release|Any CPU
		{D45AD6B9-06C0-4437-83B6-4A050672EAE7}.Release|Any CPU.Build.0 = Release|Any CPU
	EndGlobalSection
	GlobalSection(SolutionProperties) = preSolution
		HideSolutionNode = FALSE
	EndGlobalSection
	GlobalSection(ExtensibilityGlobals) = postSolution
		SolutionGuid = {2E138205-F553-43DE-85E2-72A372926796}
	EndGlobalSection
EndGlobal
